
Microsoft Visual Studio Solution File, Format Version 12.00
# Visual Studio 2013
VisualStudioVersion = 12.0.30110.0
MinimumVisualStudioVersion = 10.0.40219.1
Project("{FAE04EC0-301F-11D3-BF4B-00C04F79EFBC}") = "DotNetUtilities", "DotNetUtilities\DotNetUtilities.csproj", "{005F8935-6998-4CF4-BD97-C61A532C9B17}"
EndProject
Project("{FAE04EC0-301F-11D3-BF4B-00C04F79EFBC}") = "DotNetUtilitiesTests", "DotNetUtilitiesTests\DotNetUtilitiesTests.csproj", "{ABCC1C9C-81D9-4A11-A19C-942C28FF6E15}"
EndProject
Project("{FAE04EC0-301F-11D3-BF4B-00C04F79EFBC}") = "ChromeNativeMessagingHost", "ChromeNativeMessagingHost\ChromeNativeMessagingHost.csproj", "{8C7C8767-BDFC-4425-934E-6F381AA5F054}"
EndProject
Project("{FAE04EC0-301F-11D3-BF4B-00C04F79EFBC}") = "ChromeNativeMessagingHostTest", "ChromeNativeMessagingHostTest\ChromeNativeMessagingHostTest.csproj", "{A4AA65BE-6611-4F45-8D41-937B1075E400}"
EndProject
Project("{2150E333-8FDC-42A3-9474-1A3956D46DE8}") = ".nuget", ".nuget", "{19AC91EA-78A2-497C-884B-A3B74A75D88E}"
	ProjectSection(SolutionItems) = preProject
		.nuget\NuGet.Config = .nuget\NuGet.Config
		.nuget\NuGet.exe = .nuget\NuGet.exe
		.nuget\NuGet.targets = .nuget\NuGet.targets
	EndProjectSection
EndProject
Global
	GlobalSection(SolutionConfigurationPlatforms) = preSolution
		Debug|Any CPU = Debug|Any CPU
		Release|Any CPU = Release|Any CPU
	EndGlobalSection
	GlobalSection(ProjectConfigurationPlatforms) = postSolution
		{005F8935-6998-4CF4-BD97-C61A532C9B17}.Debug|Any CPU.ActiveCfg = Debug|Any CPU
		{005F8935-6998-4CF4-BD97-C61A532C9B17}.Debug|Any CPU.Build.0 = Debug|Any CPU
		{005F8935-6998-4CF4-BD97-C61A532C9B17}.Release|Any CPU.ActiveCfg = Release|Any CPU
		{005F8935-6998-4CF4-BD97-C61A532C9B17}.Release|Any CPU.Build.0 = Release|Any CPU
		{ABCC1C9C-81D9-4A11-A19C-942C28FF6E15}.Debug|Any CPU.ActiveCfg = Debug|Any CPU
		{ABCC1C9C-81D9-4A11-A19C-942C28FF6E15}.Debug|Any CPU.Build.0 = Debug|Any CPU
		{ABCC1C9C-81D9-4A11-A19C-942C28FF6E15}.Release|Any CPU.ActiveCfg = Release|Any CPU
		{ABCC1C9C-81D9-4A11-A19C-942C28FF6E15}.Release|Any CPU.Build.0 = Release|Any CPU
		{8C7C8767-BDFC-4425-934E-6F381AA5F054}.Debug|Any CPU.ActiveCfg = Debug|Any CPU
		{8C7C8767-BDFC-4425-934E-6F381AA5F054}.Debug|Any CPU.Build.0 = Debug|Any CPU
		{8C7C8767-BDFC-4425-934E-6F381AA5F054}.Release|Any CPU.ActiveCfg = Release|Any CPU
		{8C7C8767-BDFC-4425-934E-6F381AA5F054}.Release|Any CPU.Build.0 = Release|Any CPU
		{A4AA65BE-6611-4F45-8D41-937B1075E400}.Debug|Any CPU.ActiveCfg = Debug|Any CPU
		{A4AA65BE-6611-4F45-8D41-937B1075E400}.Debug|Any CPU.Build.0 = Debug|Any CPU
		{A4AA65BE-6611-4F45-8D41-937B1075E400}.Release|Any CPU.ActiveCfg = Release|Any CPU
		{A4AA65BE-6611-4F45-8D41-937B1075E400}.Release|Any CPU.Build.0 = Release|Any CPU
	EndGlobalSection
	GlobalSection(SolutionProperties) = preSolution
		HideSolutionNode = FALSE
	EndGlobalSection
EndGlobal
